
Microsoft Visual Studio Solution File, Format Version 12.00
# Visual Studio Version 16
VisualStudioVersion = 16.0.29102.190
MinimumVisualStudioVersion = 10.0.40219.1
Project("{FAE04EC0-301F-11D3-BF4B-00C04F79EFBC}") = "MqttClientWin", "MqttClientWin\MqttClientWin.csproj", "{6740F866-6468-476B-BABC-0FF1B1E10D00}"
EndProject
Project("{9A19103F-16F7-4668-BE54-9A1E7A4F7556}") = "MqttWebApi", "mqttwebapi\MqttWebApi.csproj", "{5E524325-C344-40F7-BBC3-AB71062210FF}"
EndProject
Global
	GlobalSection(SolutionConfigurationPlatforms) = preSolution
		Debug|Any CPU = Debug|Any CPU
		Release|Any CPU = Release|Any CPU
	EndGlobalSection
	GlobalSection(ProjectConfigurationPlatforms) = postSolution
		{6740F866-6468-476B-BABC-0FF1B1E10D00}.Debug|Any CPU.ActiveCfg = Debug|Any CPU
		{6740F866-6468-476B-BABC-0FF1B1E10D00}.Debug|Any CPU.Build.0 = Debug|Any CPU
		{6740F866-6468-476B-BABC-0FF1B1E10D00}.Release|Any CPU.ActiveCfg = Release|Any CPU
		{6740F866-6468-476B-BABC-0FF1B1E10D00}.Release|Any CPU.Build.0 = Release|Any CPU
		{5E524325-C344-40F7-BBC3-AB71062210FF}.Debug|Any CPU.ActiveCfg = Debug|Any CPU
		{5E524325-C344-40F7-BBC3-AB71062210FF}.Debug|Any CPU.Build.0 = Debug|Any CPU
		{5E524325-C344-40F7-BBC3-AB71062210FF}.Release|Any CPU.ActiveCfg = Release|Any CPU
		{5E524325-C344-40F7-BBC3-AB71062210FF}.Release|Any CPU.Build.0 = Release|Any CPU
	EndGlobalSection
	GlobalSection(SolutionProperties) = preSolution
		HideSolutionNode = FALSE
	EndGlobalSection
	GlobalSection(ExtensibilityGlobals) = postSolution
		SolutionGuid = {7CA0161E-D7CC-4CAE-A1B8-BC5729F6E3F5}
	EndGlobalSection
EndGlobal
